
Microsoft Visual Studio Solution File, Format Version 12.00
# Visual Studio Version 17
VisualStudioVersion = 17.9.34622.214
MinimumVisualStudioVersion = 10.0.40219.1
Project("{FAE04EC0-301F-11D3-BF4B-00C04F79EFBC}") = "ConfigurationByConvention", "ConfigurationByConvention\ConfigurationByConvention.csproj", "{4C2A15B5-AD52-40EE-BF04-C7CEC238C6E5}"
EndProject
Project("{FAE04EC0-301F-11D3-BF4B-00C04F79EFBC}") = "OverrideConfigurationByDataAnnotation", "OverrideConfigurationByDataAnnotation\OverrideConfigurationByDataAnnotation.csproj", "{D1FD97B6-6C34-496B-B8E2-D5346A842E29}"
EndProject
Project("{FAE04EC0-301F-11D3-BF4B-00C04F79EFBC}") = "OverrideConfigurationUsingFluentAPI", "OverrideConfigurationUsingFluentAPI\OverrideConfigurationUsingFluentAPI.csproj", "{809873D4-9784-4BE3-880D-8D6C5AB206EE}"
EndProject
Project("{FAE04EC0-301F-11D3-BF4B-00C04F79EFBC}") = "OverrideConfigurationByGroupingConfiguration", "OverrideConfigurationByGroupingConfiguration\OverrideConfigurationByGroupingConfiguration.csproj", "{FF5D0B23-8F46-4D7C-8814-C877C2469E4A}"
EndProject
Project("{FAE04EC0-301F-11D3-BF4B-00C04F79EFBC}") = "CallGroupingConfigurationUsingAssembly", "CallGroupingConfigurationUsingAssembly\CallGroupingConfigurationUsingAssembly.csproj", "{B19E653F-9E68-4A3C-8007-BBEE1B5F3D12}"
EndProject
Global
	GlobalSection(SolutionConfigurationPlatforms) = preSolution
		Debug|Any CPU = Debug|Any CPU
		Release|Any CPU = Release|Any CPU
	EndGlobalSection
	GlobalSection(ProjectConfigurationPlatforms) = postSolution
		{4C2A15B5-AD52-40EE-BF04-C7CEC238C6E5}.Debug|Any CPU.ActiveCfg = Debug|Any CPU
		{4C2A15B5-AD52-40EE-BF04-C7CEC238C6E5}.Debug|Any CPU.Build.0 = Debug|Any CPU
		{4C2A15B5-AD52-40EE-BF04-C7CEC238C6E5}.Release|Any CPU.ActiveCfg = Release|Any CPU
		{4C2A15B5-AD52-40EE-BF04-C7CEC238C6E5}.Release|Any CPU.Build.0 = Release|Any CPU
		{D1FD97B6-6C34-496B-B8E2-D5346A842E29}.Debug|Any CPU.ActiveCfg = Debug|Any CPU
		{D1FD97B6-6C34-496B-B8E2-D5346A842E29}.Debug|Any CPU.Build.0 = Debug|Any CPU
		{D1FD97B6-6C34-496B-B8E2-D5346A842E29}.Release|Any CPU.ActiveCfg = Release|Any CPU
		{D1FD97B6-6C34-496B-B8E2-D5346A842E29}.Release|Any CPU.Build.0 = Release|Any CPU
		{809873D4-9784-4BE3-880D-8D6C5AB206EE}.Debug|Any CPU.ActiveCfg = Debug|Any CPU
		{809873D4-9784-4BE3-880D-8D6C5AB206EE}.Debug|Any CPU.Build.0 = Debug|Any CPU
		{809873D4-9784-4BE3-880D-8D6C5AB206EE}.Release|Any CPU.ActiveCfg = Release|Any CPU
		{809873D4-9784-4BE3-880D-8D6C5AB206EE}.Release|Any CPU.Build.0 = Release|Any CPU
		{FF5D0B23-8F46-4D7C-8814-C877C2469E4A}.Debug|Any CPU.ActiveCfg = Debug|Any CPU
		{FF5D0B23-8F46-4D7C-8814-C877C2469E4A}.Debug|Any CPU.Build.0 = Debug|Any CPU
		{FF5D0B23-8F46-4D7C-8814-C877C2469E4A}.Release|Any CPU.ActiveCfg = Release|Any CPU
		{FF5D0B23-8F46-4D7C-8814-C877C2469E4A}.Release|Any CPU.Build.0 = Release|Any CPU
		{B19E653F-9E68-4A3C-8007-BBEE1B5F3D12}.Debug|Any CPU.ActiveCfg = Debug|Any CPU
		{B19E653F-9E68-4A3C-8007-BBEE1B5F3D12}.Debug|Any CPU.Build.0 = Debug|Any CPU
		{B19E653F-9E68-4A3C-8007-BBEE1B5F3D12}.Release|Any CPU.ActiveCfg = Release|Any CPU
		{B19E653F-9E68-4A3C-8007-BBEE1B5F3D12}.Release|Any CPU.Build.0 = Release|Any CPU
	EndGlobalSection
	GlobalSection(SolutionProperties) = preSolution
		HideSolutionNode = FALSE
	EndGlobalSection
	GlobalSection(ExtensibilityGlobals) = postSolution
		SolutionGuid = {C04FF940-07F7-4A29-A000-447E0F08B4E0}
	EndGlobalSection
EndGlobal
